
Microsoft Visual Studio Solution File, Format Version 12.00
# Visual Studio Version 17
VisualStudioVersion = 17.1.32319.34
MinimumVisualStudioVersion = 10.0.40219.1
Project("{9A19103F-16F7-4668-BE54-9A1E7A4F7556}") = "BattleshipGameAPI", "BattleshipGameAPI\BattleshipGameAPI.csproj", "{1BCF2F1B-EFE9-40CB-8942-49D2093E9FD0}"
EndProject
Project("{9A19103F-16F7-4668-BE54-9A1E7A4F7556}") = "Domain", "Domain\Domain.csproj", "{16D2B23D-41B5-4609-9082-7051ED1BA197}"
EndProject
Project("{FAE04EC0-301F-11D3-BF4B-00C04F79EFBC}") = "BattleshipGameTests", "BattleshipGameTests\BattleshipGameTests.csproj", "{81074C75-C0EF-4A13-9D76-B1CC5D0630C4}"
EndProject
Global
	GlobalSection(SolutionConfigurationPlatforms) = preSolution
		Debug|Any CPU = Debug|Any CPU
		Release|Any CPU = Release|Any CPU
	EndGlobalSection
	GlobalSection(ProjectConfigurationPlatforms) = postSolution
		{1BCF2F1B-EFE9-40CB-8942-49D2093E9FD0}.Debug|Any CPU.ActiveCfg = Debug|Any CPU
		{1BCF2F1B-EFE9-40CB-8942-49D2093E9FD0}.Debug|Any CPU.Build.0 = Debug|Any CPU
		{1BCF2F1B-EFE9-40CB-8942-49D2093E9FD0}.Release|Any CPU.ActiveCfg = Release|Any CPU
		{1BCF2F1B-EFE9-40CB-8942-49D2093E9FD0}.Release|Any CPU.Build.0 = Release|Any CPU
		{16D2B23D-41B5-4609-9082-7051ED1BA197}.Debug|Any CPU.ActiveCfg = Debug|Any CPU
		{16D2B23D-41B5-4609-9082-7051ED1BA197}.Debug|Any CPU.Build.0 = Debug|Any CPU
		{16D2B23D-41B5-4609-9082-7051ED1BA197}.Release|Any CPU.ActiveCfg = Release|Any CPU
		{16D2B23D-41B5-4609-9082-7051ED1BA197}.Release|Any CPU.Build.0 = Release|Any CPU
		{81074C75-C0EF-4A13-9D76-B1CC5D0630C4}.Debug|Any CPU.ActiveCfg = Debug|Any CPU
		{81074C75-C0EF-4A13-9D76-B1CC5D0630C4}.Debug|Any CPU.Build.0 = Debug|Any CPU
		{81074C75-C0EF-4A13-9D76-B1CC5D0630C4}.Release|Any CPU.ActiveCfg = Release|Any CPU
		{81074C75-C0EF-4A13-9D76-B1CC5D0630C4}.Release|Any CPU.Build.0 = Release|Any CPU
	EndGlobalSection
	GlobalSection(SolutionProperties) = preSolution
		HideSolutionNode = FALSE
	EndGlobalSection
	GlobalSection(ExtensibilityGlobals) = postSolution
		SolutionGuid = {80DCE66C-B04C-4786-A5CD-8289736181D7}
	EndGlobalSection
EndGlobal
